Microsoft Visual Studio Solution File, Format Version 12.00
# Visual Studio Version 16
VisualStudioVersion = 16.0.30114.105
MinimumVisualStudioVersion = 10.0.40219.1
Project("{2150E333-8FDC-42A3-9474-1A3956D46DE8}") = "services", "services", "{9A277A93-3A5C-4E7E-A360-7ED4DD0E9DE1}"
EndProject
Project("{2150E333-8FDC-42A3-9474-1A3956D46DE8}") = "Identity", "Identity", "{98F379CC-6634-4FB3-86E2-7079D1EA8F4C}"
EndProject
Project("{2150E333-8FDC-42A3-9474-1A3956D46DE8}") = "Network", "Network", "{0EB7B65E-E6DA-4B97-B1C2-EFE514BA7656}"
EndProject
Project("{2150E333-8FDC-42A3-9474-1A3956D46DE8}") = "src", "src", "{6AC5D76E-2A65-4EC9-AA72-A6BEDF50D0B5}"
EndProject
Project("{2150E333-8FDC-42A3-9474-1A3956D46DE8}") = "building-blocks", "building-blocks", "{FB247B5A-5299-4FFE-BE54-B7E1472D4A2E}"
EndProject
Project("{FAE04EC0-301F-11D3-BF4B-00C04F79EFBC}") = "BuildingBlocks.Abstractions", "src\BuildingBlocks\BuildingBlocks.Abstractions\BuildingBlocks.Abstractions.csproj", "{9063E326-1CDF-4CA7-8D72-CA15AB532EEC}"
EndProject
Project("{FAE04EC0-301F-11D3-BF4B-00C04F79EFBC}") = "BuildingBlocks.Email", "src\BuildingBlocks\BuildingBlocks.Email\BuildingBlocks.Email.csproj", "{143581A0-AA78-4FC4-91E2-8C2DA47E05DC}"
EndProject
Project("{FAE04EC0-301F-11D3-BF4B-00C04F79EFBC}") = "BuildingBlocks.Resiliency", "src\BuildingBlocks\BuildingBlocks.Resiliency\BuildingBlocks.Resiliency.csproj", "{7D916D69-F137-4B58-BDEB-06046BF7DF64}"
EndProject
Project("{FAE04EC0-301F-11D3-BF4B-00C04F79EFBC}") = "BuildingBlocks.Security", "src\BuildingBlocks\BuildingBlocks.Security\BuildingBlocks.Security.csproj", "{E729743D-8ABA-4917-A040-E5007ED41687}"
EndProject
Project("{FAE04EC0-301F-11D3-BF4B-00C04F79EFBC}") = "BuildingBlocks.Swagger", "src\BuildingBlocks\BuildingBlocks.Swagger\BuildingBlocks.Swagger.csproj", "{B1C134E5-E0D9-47A7-835E-EE7DE61FF2DB}"
EndProject
Project("{FAE04EC0-301F-11D3-BF4B-00C04F79EFBC}") = "BuildingBlocks.Validation", "src\BuildingBlocks\BuildingBlocks.Validation\BuildingBlocks.Validation.csproj", "{58B03C3F-F27E-4C59-81EF-CC8E90722CDF}"
EndProject
Project("{FAE04EC0-301F-11D3-BF4B-00C04F79EFBC}") = "BuildingBlocks.Web", "src\BuildingBlocks\BuildingBlocks.Web\BuildingBlocks.Web.csproj", "{AD2E1F39-B6BB-4EBF-A996-6C89BFBEFBEB}"
EndProject
Project("{FAE04EC0-301F-11D3-BF4B-00C04F79EFBC}") = "BuildingBlocks.Persistence.EfCore.Postgres", "src\BuildingBlocks\BuildingBlocks.Persistence.EfCore.Postgres\BuildingBlocks.Persistence.EfCore.Postgres.csproj", "{EA2CFA83-AE64-4F52-8CC1-F970ACE46AB2}"
EndProject
Project("{FAE04EC0-301F-11D3-BF4B-00C04F79EFBC}") = "BuildingBlocks.Logging", "src\BuildingBlocks\BuildingBlocks.Logging\BuildingBlocks.Logging.csproj", "{F5993A4C-8750-402F-BDC1-44C2AF425CFD}"
EndProject
Project("{FAE04EC0-301F-11D3-BF4B-00C04F79EFBC}") = "BuildingBlocks.Integration.MassTransit", "src\BuildingBlocks\BuildingBlocks.Integration.MassTransit\BuildingBlocks.Integration.MassTransit.csproj", "{C9838503-0AD9-42B2-9A54-D8235A93C209}"
EndProject
Project("{2150E333-8FDC-42A3-9474-1A3956D46DE8}") = "Shared", "Shared", "{615DD03D-7AB3-4429-BE66-B111CAFB3A78}"
EndProject
Project("{FAE04EC0-301F-11D3-BF4B-00C04F79EFBC}") = "Postfy.Services.Shared", "src\Services\Shared\Postfy.Services.Shared\Postfy.Services.Shared.csproj", "{7A8E1F2E-88F9-4FF6-8BFA-75CBB96BF7ED}"
EndProject
Project("{FAE04EC0-301F-11D3-BF4B-00C04F79EFBC}") = "Postfy.Services.Identity", "src\Services\Identity\Postfy.Services.Identity\Postfy.Services.Identity.csproj", "{22208F0C-3F11-45AE-A4D7-23163B385E7C}"
EndProject
Project("{FAE04EC0-301F-11D3-BF4B-00C04F79EFBC}") = "Postfy.Services.Identity.Api", "src\Services\Identity\Postfy.Services.Identity.Api\Postfy.Services.Identity.Api.csproj", "{6634D4E3-AD98-44E0-8DFD-F9DF646DF7A3}"
EndProject
Project("{2150E333-8FDC-42A3-9474-1A3956D46DE8}") = "api-gateway", "api-gateway", "{B9EFF5EA-4AD3-477D-8932-A9D114EEA824}"
EndProject
Project("{FAE04EC0-301F-11D3-BF4B-00C04F79EFBC}") = "Postfy.ApiGateway", "src\ApiGateway\Postfy.ApiGateway\Postfy.ApiGateway.csproj", "{77E45A0D-E20F-4779-9AB6-E9EC96D9C5E0}"
EndProject
Project("{FAE04EC0-301F-11D3-BF4B-00C04F79EFBC}") = "BuildingBlocks.Core", "src\BuildingBlocks\BuildingBlocks.Core\BuildingBlocks.Core.csproj", "{E05DDBBC-BADE-4F9B-ADC4-10741E2DADA6}"
EndProject
Project("{FAE04EC0-301F-11D3-BF4B-00C04F79EFBC}") = "BuildingBlocks.Messaging.Persistence.Postgres", "src\BuildingBlocks\BuildingBlocks.Messaging.Persistence.Postgres\BuildingBlocks.Messaging.Persistence.Postgres.csproj", "{BF962BA1-50F3-4714-A932-8DA76066F0AD}"
EndProject
Project("{FAE04EC0-301F-11D3-BF4B-00C04F79EFBC}") = "BuildingBlocks.Caching", "src\BuildingBlocks\BuildingBlocks.Caching\BuildingBlocks.Caching.csproj", "{D02D5F33-7074-4E70-935A-ACF68CBD0EC9}"
EndProject
Project("{FAE04EC0-301F-11D3-BF4B-00C04F79EFBC}") = "BuildingBlocks.HealthCheck", "src\BuildingBlocks\BuildingBlocks.HealthCheck\BuildingBlocks.HealthCheck.csproj", "{10DDF84E-5181-482F-915B-5EF47ABCD23C}"
EndProject
Project("{2150E333-8FDC-42A3-9474-1A3956D46DE8}") = "solution_items", "solution_items", "{5D021403-D731-4673-BE48-6407504C7709}"
	ProjectSection(SolutionItems) = preProject
		readme.md = readme.md
	EndProjectSection
EndProject
Project("{2150E333-8FDC-42A3-9474-1A3956D46DE8}") = "tests", "tests", "{22F07A80-31B8-4196-8DCD-CB6E3F888BEA}"
EndProject
Project("{2150E333-8FDC-42A3-9474-1A3956D46DE8}") = "services", "services", "{9EEA45F9-0190-4CCD-908F-ED883FE66DE0}"
EndProject
Project("{2150E333-8FDC-42A3-9474-1A3956D46DE8}") = "shared", "shared", "{485C9283-A8D1-4B48-B968-9DABAA274EBE}"
EndProject
Project("{FAE04EC0-301F-11D3-BF4B-00C04F79EFBC}") = "Postfy.Services.Network.Api", "src\Services\Network\Postfy.Services.Network.Api\Postfy.Services.Network.Api.csproj", "{CEC4DE16-0453-4853-A727-1DA7FA76BE3A}"
EndProject
Project("{FAE04EC0-301F-11D3-BF4B-00C04F79EFBC}") = "Postfy.Services.Network", "src\Services\Network\Postfy.Services.Network\Postfy.Services.Network.csproj", "{4264C1FB-A021-4606-B09C-02EE62F45096}"
EndProject

Global
	GlobalSection(SolutionConfigurationPlatforms) = preSolution
		Debug|Any CPU = Debug|Any CPU
		Release|Any CPU = Release|Any CPU
	EndGlobalSection
	GlobalSection(SolutionProperties) = preSolution
		HideSolutionNode = FALSE
	EndGlobalSection
	GlobalSection(NestedProjects) = preSolution
		{98F379CC-6634-4FB3-86E2-7079D1EA8F4C} = {9A277A93-3A5C-4E7E-A360-7ED4DD0E9DE1}
		{0EB7B65E-E6DA-4B97-B1C2-EFE514BA7656} = {9A277A93-3A5C-4E7E-A360-7ED4DD0E9DE1}
		{9A277A93-3A5C-4E7E-A360-7ED4DD0E9DE1} = {6AC5D76E-2A65-4EC9-AA72-A6BEDF50D0B5}
		{FB247B5A-5299-4FFE-BE54-B7E1472D4A2E} = {6AC5D76E-2A65-4EC9-AA72-A6BEDF50D0B5}
		{9063E326-1CDF-4CA7-8D72-CA15AB532EEC} = {FB247B5A-5299-4FFE-BE54-B7E1472D4A2E}
		{143581A0-AA78-4FC4-91E2-8C2DA47E05DC} = {FB247B5A-5299-4FFE-BE54-B7E1472D4A2E}
		{7D916D69-F137-4B58-BDEB-06046BF7DF64} = {FB247B5A-5299-4FFE-BE54-B7E1472D4A2E}
		{E729743D-8ABA-4917-A040-E5007ED41687} = {FB247B5A-5299-4FFE-BE54-B7E1472D4A2E}
		{B1C134E5-E0D9-47A7-835E-EE7DE61FF2DB} = {FB247B5A-5299-4FFE-BE54-B7E1472D4A2E}
		{58B03C3F-F27E-4C59-81EF-CC8E90722CDF} = {FB247B5A-5299-4FFE-BE54-B7E1472D4A2E}
		{AD2E1F39-B6BB-4EBF-A996-6C89BFBEFBEB} = {FB247B5A-5299-4FFE-BE54-B7E1472D4A2E}
		{EA2CFA83-AE64-4F52-8CC1-F970ACE46AB2} = {FB247B5A-5299-4FFE-BE54-B7E1472D4A2E}
		{F5993A4C-8750-402F-BDC1-44C2AF425CFD} = {FB247B5A-5299-4FFE-BE54-B7E1472D4A2E}
		{C9838503-0AD9-42B2-9A54-D8235A93C209} = {FB247B5A-5299-4FFE-BE54-B7E1472D4A2E}
		{615DD03D-7AB3-4429-BE66-B111CAFB3A78} = {9A277A93-3A5C-4E7E-A360-7ED4DD0E9DE1}
		{7A8E1F2E-88F9-4FF6-8BFA-75CBB96BF7ED} = {615DD03D-7AB3-4429-BE66-B111CAFB3A78}
		{22208F0C-3F11-45AE-A4D7-23163B385E7C} = {98F379CC-6634-4FB3-86E2-7079D1EA8F4C}
		{6634D4E3-AD98-44E0-8DFD-F9DF646DF7A3} = {98F379CC-6634-4FB3-86E2-7079D1EA8F4C}
		{B9EFF5EA-4AD3-477D-8932-A9D114EEA824} = {6AC5D76E-2A65-4EC9-AA72-A6BEDF50D0B5}
		{77E45A0D-E20F-4779-9AB6-E9EC96D9C5E0} = {B9EFF5EA-4AD3-477D-8932-A9D114EEA824}
		{E05DDBBC-BADE-4F9B-ADC4-10741E2DADA6} = {FB247B5A-5299-4FFE-BE54-B7E1472D4A2E}
		{BF962BA1-50F3-4714-A932-8DA76066F0AD} = {FB247B5A-5299-4FFE-BE54-B7E1472D4A2E}
		{D02D5F33-7074-4E70-935A-ACF68CBD0EC9} = {FB247B5A-5299-4FFE-BE54-B7E1472D4A2E}
		{10DDF84E-5181-482F-915B-5EF47ABCD23C} = {FB247B5A-5299-4FFE-BE54-B7E1472D4A2E}
		{9EEA45F9-0190-4CCD-908F-ED883FE66DE0} = {22F07A80-31B8-4196-8DCD-CB6E3F888BEA}
		{485C9283-A8D1-4B48-B968-9DABAA274EBE} = {22F07A80-31B8-4196-8DCD-CB6E3F888BEA}
		{CEC4DE16-0453-4853-A727-1DA7FA76BE3A} = {0EB7B65E-E6DA-4B97-B1C2-EFE514BA7656}
		{4264C1FB-A021-4606-B09C-02EE62F45096} = {0EB7B65E-E6DA-4B97-B1C2-EFE514BA7656}
	EndGlobalSection
	GlobalSection(ProjectConfigurationPlatforms) = postSolution
		{9063E326-1CDF-4CA7-8D72-CA15AB532EEC}.Debug|Any CPU.ActiveCfg = Debug|Any CPU
		{9063E326-1CDF-4CA7-8D72-CA15AB532EEC}.Debug|Any CPU.Build.0 = Debug|Any CPU
		{9063E326-1CDF-4CA7-8D72-CA15AB532EEC}.Release|Any CPU.ActiveCfg = Release|Any CPU
		{9063E326-1CDF-4CA7-8D72-CA15AB532EEC}.Release|Any CPU.Build.0 = Release|Any CPU
		{143581A0-AA78-4FC4-91E2-8C2DA47E05DC}.Debug|Any CPU.ActiveCfg = Debug|Any CPU
		{143581A0-AA78-4FC4-91E2-8C2DA47E05DC}.Debug|Any CPU.Build.0 = Debug|Any CPU
		{143581A0-AA78-4FC4-91E2-8C2DA47E05DC}.Release|Any CPU.ActiveCfg = Release|Any CPU
		{143581A0-AA78-4FC4-91E2-8C2DA47E05DC}.Release|Any CPU.Build.0 = Release|Any CPU
		{7D916D69-F137-4B58-BDEB-06046BF7DF64}.Debug|Any CPU.ActiveCfg = Debug|Any CPU
		{7D916D69-F137-4B58-BDEB-06046BF7DF64}.Debug|Any CPU.Build.0 = Debug|Any CPU
		{7D916D69-F137-4B58-BDEB-06046BF7DF64}.Release|Any CPU.ActiveCfg = Release|Any CPU
		{7D916D69-F137-4B58-BDEB-06046BF7DF64}.Release|Any CPU.Build.0 = Release|Any CPU
		{E729743D-8ABA-4917-A040-E5007ED41687}.Debug|Any CPU.ActiveCfg = Debug|Any CPU
		{E729743D-8ABA-4917-A040-E5007ED41687}.Debug|Any CPU.Build.0 = Debug|Any CPU
		{E729743D-8ABA-4917-A040-E5007ED41687}.Release|Any CPU.ActiveCfg = Release|Any CPU
		{E729743D-8ABA-4917-A040-E5007ED41687}.Release|Any CPU.Build.0 = Release|Any CPU
		{B1C134E5-E0D9-47A7-835E-EE7DE61FF2DB}.Debug|Any CPU.ActiveCfg = Debug|Any CPU
		{B1C134E5-E0D9-47A7-835E-EE7DE61FF2DB}.Debug|Any CPU.Build.0 = Debug|Any CPU
		{B1C134E5-E0D9-47A7-835E-EE7DE61FF2DB}.Release|Any CPU.ActiveCfg = Release|Any CPU
		{B1C134E5-E0D9-47A7-835E-EE7DE61FF2DB}.Release|Any CPU.Build.0 = Release|Any CPU
		{58B03C3F-F27E-4C59-81EF-CC8E90722CDF}.Debug|Any CPU.ActiveCfg = Debug|Any CPU
		{58B03C3F-F27E-4C59-81EF-CC8E90722CDF}.Debug|Any CPU.Build.0 = Debug|Any CPU
		{58B03C3F-F27E-4C59-81EF-CC8E90722CDF}.Release|Any CPU.ActiveCfg = Release|Any CPU
		{58B03C3F-F27E-4C59-81EF-CC8E90722CDF}.Release|Any CPU.Build.0 = Release|Any CPU
		{AD2E1F39-B6BB-4EBF-A996-6C89BFBEFBEB}.Debug|Any CPU.ActiveCfg = Debug|Any CPU
		{AD2E1F39-B6BB-4EBF-A996-6C89BFBEFBEB}.Debug|Any CPU.Build.0 = Debug|Any CPU
		{AD2E1F39-B6BB-4EBF-A996-6C89BFBEFBEB}.Release|Any CPU.ActiveCfg = Release|Any CPU
		{AD2E1F39-B6BB-4EBF-A996-6C89BFBEFBEB}.Release|Any CPU.Build.0 = Release|Any CPU
		{EA2CFA83-AE64-4F52-8CC1-F970ACE46AB2}.Debug|Any CPU.ActiveCfg = Debug|Any CPU
		{EA2CFA83-AE64-4F52-8CC1-F970ACE46AB2}.Debug|Any CPU.Build.0 = Debug|Any CPU
		{EA2CFA83-AE64-4F52-8CC1-F970ACE46AB2}.Release|Any CPU.ActiveCfg = Release|Any CPU
		{EA2CFA83-AE64-4F52-8CC1-F970ACE46AB2}.Release|Any CPU.Build.0 = Release|Any CPU
		{F5993A4C-8750-402F-BDC1-44C2AF425CFD}.Debug|Any CPU.ActiveCfg = Debug|Any CPU
		{F5993A4C-8750-402F-BDC1-44C2AF425CFD}.Debug|Any CPU.Build.0 = Debug|Any CPU
		{F5993A4C-8750-402F-BDC1-44C2AF425CFD}.Release|Any CPU.ActiveCfg = Release|Any CPU
		{F5993A4C-8750-402F-BDC1-44C2AF425CFD}.Release|Any CPU.Build.0 = Release|Any CPU
		{C9838503-0AD9-42B2-9A54-D8235A93C209}.Debug|Any CPU.ActiveCfg = Debug|Any CPU
		{C9838503-0AD9-42B2-9A54-D8235A93C209}.Debug|Any CPU.Build.0 = Debug|Any CPU
		{C9838503-0AD9-42B2-9A54-D8235A93C209}.Release|Any CPU.ActiveCfg = Release|Any CPU
		{C9838503-0AD9-42B2-9A54-D8235A93C209}.Release|Any CPU.Build.0 = Release|Any CPU
		{7A8E1F2E-88F9-4FF6-8BFA-75CBB96BF7ED}.Debug|Any CPU.ActiveCfg = Debug|Any CPU
		{7A8E1F2E-88F9-4FF6-8BFA-75CBB96BF7ED}.Debug|Any CPU.Build.0 = Debug|Any CPU
		{7A8E1F2E-88F9-4FF6-8BFA-75CBB96BF7ED}.Release|Any CPU.ActiveCfg = Release|Any CPU
		{7A8E1F2E-88F9-4FF6-8BFA-75CBB96BF7ED}.Release|Any CPU.Build.0 = Release|Any CPU
		{22208F0C-3F11-45AE-A4D7-23163B385E7C}.Debug|Any CPU.ActiveCfg = Debug|Any CPU
		{22208F0C-3F11-45AE-A4D7-23163B385E7C}.Debug|Any CPU.Build.0 = Debug|Any CPU
		{22208F0C-3F11-45AE-A4D7-23163B385E7C}.Release|Any CPU.ActiveCfg = Release|Any CPU
		{22208F0C-3F11-45AE-A4D7-23163B385E7C}.Release|Any CPU.Build.0 = Release|Any CPU
		{6634D4E3-AD98-44E0-8DFD-F9DF646DF7A3}.Debug|Any CPU.ActiveCfg = Debug|Any CPU
		{6634D4E3-AD98-44E0-8DFD-F9DF646DF7A3}.Debug|Any CPU.Build.0 = Debug|Any CPU
		{6634D4E3-AD98-44E0-8DFD-F9DF646DF7A3}.Release|Any CPU.ActiveCfg = Release|Any CPU
		{6634D4E3-AD98-44E0-8DFD-F9DF646DF7A3}.Release|Any CPU.Build.0 = Release|Any CPU
		{77E45A0D-E20F-4779-9AB6-E9EC96D9C5E0}.Debug|Any CPU.ActiveCfg = Debug|Any CPU
		{77E45A0D-E20F-4779-9AB6-E9EC96D9C5E0}.Debug|Any CPU.Build.0 = Debug|Any CPU
		{77E45A0D-E20F-4779-9AB6-E9EC96D9C5E0}.Release|Any CPU.ActiveCfg = Release|Any CPU
		{77E45A0D-E20F-4779-9AB6-E9EC96D9C5E0}.Release|Any CPU.Build.0 = Release|Any CPU
		{E05DDBBC-BADE-4F9B-ADC4-10741E2DADA6}.Debug|Any CPU.ActiveCfg = Debug|Any CPU
		{E05DDBBC-BADE-4F9B-ADC4-10741E2DADA6}.Debug|Any CPU.Build.0 = Debug|Any CPU
		{E05DDBBC-BADE-4F9B-ADC4-10741E2DADA6}.Release|Any CPU.ActiveCfg = Release|Any CPU
		{E05DDBBC-BADE-4F9B-ADC4-10741E2DADA6}.Release|Any CPU.Build.0 = Release|Any CPU
		{BF962BA1-50F3-4714-A932-8DA76066F0AD}.Debug|Any CPU.ActiveCfg = Debug|Any CPU
		{BF962BA1-50F3-4714-A932-8DA76066F0AD}.Debug|Any CPU.Build.0 = Debug|Any CPU
		{BF962BA1-50F3-4714-A932-8DA76066F0AD}.Release|Any CPU.ActiveCfg = Release|Any CPU
		{BF962BA1-50F3-4714-A932-8DA76066F0AD}.Release|Any CPU.Build.0 = Release|Any CPU
		{D02D5F33-7074-4E70-935A-ACF68CBD0EC9}.Debug|Any CPU.ActiveCfg = Debug|Any CPU
		{D02D5F33-7074-4E70-935A-ACF68CBD0EC9}.Debug|Any CPU.Build.0 = Debug|Any CPU
		{D02D5F33-7074-4E70-935A-ACF68CBD0EC9}.Release|Any CPU.ActiveCfg = Release|Any CPU
		{D02D5F33-7074-4E70-935A-ACF68CBD0EC9}.Release|Any CPU.Build.0 = Release|Any CPU
		{10DDF84E-5181-482F-915B-5EF47ABCD23C}.Debug|Any CPU.ActiveCfg = Debug|Any CPU
		{10DDF84E-5181-482F-915B-5EF47ABCD23C}.Debug|Any CPU.Build.0 = Debug|Any CPU
		{10DDF84E-5181-482F-915B-5EF47ABCD23C}.Release|Any CPU.ActiveCfg = Release|Any CPU
		{10DDF84E-5181-482F-915B-5EF47ABCD23C}.Release|Any CPU.Build.0 = Release|Any CPU
		{439565F9-F510-4A3F-BF44-26F827B32734}.Debug|Any CPU.ActiveCfg = Debug|Any CPU
		{439565F9-F510-4A3F-BF44-26F827B32734}.Debug|Any CPU.Build.0 = Debug|Any CPU
		{439565F9-F510-4A3F-BF44-26F827B32734}.Release|Any CPU.ActiveCfg = Release|Any CPU
		{439565F9-F510-4A3F-BF44-26F827B32734}.Release|Any CPU.Build.0 = Release|Any CPU
		{8E56D5F0-07CC-46D5-86E4-599060198971}.Debug|Any CPU.ActiveCfg = Debug|Any CPU
		{8E56D5F0-07CC-46D5-86E4-599060198971}.Debug|Any CPU.Build.0 = Debug|Any CPU
		{8E56D5F0-07CC-46D5-86E4-599060198971}.Release|Any CPU.ActiveCfg = Release|Any CPU
		{8E56D5F0-07CC-46D5-86E4-599060198971}.Release|Any CPU.Build.0 = Release|Any CPU
		{CEC4DE16-0453-4853-A727-1DA7FA76BE3A}.Debug|Any CPU.ActiveCfg = Debug|Any CPU
		{CEC4DE16-0453-4853-A727-1DA7FA76BE3A}.Debug|Any CPU.Build.0 = Debug|Any CPU
		{CEC4DE16-0453-4853-A727-1DA7FA76BE3A}.Release|Any CPU.ActiveCfg = Release|Any CPU
		{CEC4DE16-0453-4853-A727-1DA7FA76BE3A}.Release|Any CPU.Build.0 = Release|Any CPU
		{4264C1FB-A021-4606-B09C-02EE62F45096}.Debug|Any CPU.ActiveCfg = Debug|Any CPU
		{4264C1FB-A021-4606-B09C-02EE62F45096}.Debug|Any CPU.Build.0 = Debug|Any CPU
		{4264C1FB-A021-4606-B09C-02EE62F45096}.Release|Any CPU.ActiveCfg = Release|Any CPU
		{4264C1FB-A021-4606-B09C-02EE62F45096}.Release|Any CPU.Build.0 = Release|Any CPU
	EndGlobalSection
EndGlobal
